
Microsoft Visual Studio Solution File, Format Version 12.00
# Visual Studio Version 17
VisualStudioVersion = 17.7.34024.191
MinimumVisualStudioVersion = 10.0.40219.1
Project("{FAE04EC0-301F-11D3-BF4B-00C04F79EFBC}") = "ex", "ex\ex.csproj", "{3E841CBE-024B-4029-8BAF-B2C912BE730C}"
EndProject
Global
	GlobalSection(SolutionConfigurationPlatforms) = preSolution
		Debug|Any CPU = Debug|Any CPU
		Release|Any CPU = Release|Any CPU
	EndGlobalSection
	GlobalSection(ProjectConfigurationPlatforms) = postSolution
		{3E841CBE-024B-4029-8BAF-B2C912BE730C}.Debug|Any CPU.ActiveCfg = Debug|Any CPU
		{3E841CBE-024B-4029-8BAF-B2C912BE730C}.Debug|Any CPU.Build.0 = Debug|Any CPU
		{3E841CBE-024B-4029-8BAF-B2C912BE730C}.Release|Any CPU.ActiveCfg = Release|Any CPU
		{3E841CBE-024B-4029-8BAF-B2C912BE730C}.Release|Any CPU.Build.0 = Release|Any CPU
	EndGlobalSection
	GlobalSection(SolutionProperties) = preSolution
		HideSolutionNode = FALSE
	EndGlobalSection
	GlobalSection(ExtensibilityGlobals) = postSolution
		SolutionGuid = {0AEC9B69-6605-408E-913C-A1B6CA01CA4C}
	EndGlobalSection
EndGlobal
